{
  "name": "template-discord-rich-presence",
  "version": "1.0.0",
  "lockfileVersion": 1,
  "requires": true,
  "dependencies": {
    "async-limiter": {
      "version": "1.0.1",
      "resolved": "https://registry.npmjs.org/async-limiter/-/async-limiter-1.0.1.tgz",
      "integrity": "sha512-csOlWGAcRFJaI6m+F2WKdnMKr4HhdhFVBk0H/QbJFMCr+uO2kwohwXQPxw/9OCxp05r5ghVBFSyioixx3gfkNQ=="
    },
    "discord-rich-presence": {
      "version": "0.0.8",
      "resolved": "https://registry.npmjs.org/discord-rich-presence/-/discord-rich-presence-0.0.8.tgz",
      "integrity": "sha512-IpVMPjv15C9UvppxvrrGdv6bzQHOW1P1vLoMH15HvdJwGJ3dBd2bnrJ63Uy36YRUfrAMxGLiwUDHncvC8AuPaQ==",
      "requires": {
        "discord-rpc": "github:discordjs/rpc"
      }
    },
    "discord-rpc": {
      "version": "github:discordjs/rpc#cfddf66c372abe430a284ff3ea885e8cc0477f99",
      "from": "github:discordjs/rpc",
      "requires": {
        "node-fetch": "2.6.0",
        "ws": "7.1.2"
      }
    },
    "duplexer": {
      "version": "0.1.1",
      "resolved": "https://registry.npmjs.org/duplexer/-/duplexer-0.1.1.tgz",
      "integrity": "sha1-rOb/gIwc5mtX0ev5eXessCM0z8E="
    },
    "event-stream": {
      "version": "3.3.4",
      "resolved": "https://registry.npmjs.org/event-stream/-/event-stream-3.3.4.tgz",
      "integrity": "sha1-SrTJoPWlTbkzi0w02Gv86PSzVXE=",
      "requires": {
        "duplexer": "~0.1.1",
        "from": "~0",
        "map-stream": "~0.1.0",
        "pause-stream": "0.0.11",
        "split": "0.3",
        "stream-combiner": "~0.0.4",
        "through": "~2.3.1"
      }
    },
    "from": {
      "version": "0.1.7",
      "resolved": "https://registry.npmjs.org/from/-/from-0.1.7.tgz",
      "integrity": "sha1-g8YK/Fi5xWmXAH7Rp2izqzA6RP4="
    },
    "map-stream": {
      "version": "0.1.0",
      "resolved": "https://registry.npmjs.org/map-stream/-/map-stream-0.1.0.tgz",
      "integrity": "sha1-5WqpTEyAVaFkBKBnS3jyFffI4ZQ="
    },
    "node-fetch": {
      "version": "2.6.0",
      "resolved": "https://registry.npmjs.org/node-fetch/-/node-fetch-2.6.0.tgz",
      "integrity": "sha512-8dG4H5ujfvFiqDmVu9fQ5bOHUC15JMjMY/Zumv26oOvvVJjM67KF8koCWIabKQ1GJIa9r2mMZscBq/TbdOcmNA=="
    },
    "pause-stream": {
      "version": "0.0.11",
      "resolved": "https://registry.npmjs.org/pause-stream/-/pause-stream-0.0.11.tgz",
      "integrity": "sha1-/lo0sMvOErWqaitAPuLnO2AvFEU=",
      "requires": {
        "through": "~2.3"
      }
    },
    "process-exists": {
      "version": "4.0.0",
      "resolved": "https://registry.npmjs.org/process-exists/-/process-exists-4.0.0.tgz",
      "integrity": "sha512-BnlcYPiZjSW+fye12g9B7UeCzMAOdMkxuTz3zcytJ2BHwYZf2RoKvuuwUcJLeXlGj58x9YQrvhT21PmKhUc4UQ==",
      "requires": {
        "ps-list": "^6.3.0"
      }
    },
    "ps-list": {
      "version": "6.3.0",
      "resolved": "https://registry.npmjs.org/ps-list/-/ps-list-6.3.0.tgz",
      "integrity": "sha512-qau0czUSB0fzSlBOQt0bo+I2v6R+xiQdj78e1BR/Qjfl5OHWJ/urXi8+ilw1eHe+5hSeDI1wrwVTgDp2wst4oA=="
    },
    "ps-tree": {
      "version": "1.2.0",
      "resolved": "https://registry.npmjs.org/ps-tree/-/ps-tree-1.2.0.tgz",
      "integrity": "sha512-0VnamPPYHl4uaU/nSFeZZpR21QAWRz+sRv4iW9+v/GS/J5U5iZB5BNN6J0RMoOvdx2gWM2+ZFMIm58q24e4UYA==",
      "requires": {
        "event-stream": "=3.3.4"
      }
    },
    "respawn": {
      "version": "2.6.0",
      "resolved": "https://registry.npmjs.org/respawn/-/respawn-2.6.0.tgz",
      "integrity": "sha512-4fs4W4GD6+zTHvhzOMaeJ56zdmgr35550SgC08WsjdQVGl8d+cp/SZOwlJQKaTQeZTR2iKOMbHIAecWCeLe+Tg==",
      "requires": {
        "ps-tree": "^1.2.0",
        "xtend": "^4.0.1"
      }
    },
    "split": {
      "version": "0.3.3",
      "resolved": "https://registry.npmjs.org/split/-/split-0.3.3.tgz",
      "integrity": "sha1-zQ7qXmOiEd//frDwkcQTPi0N0o8=",
      "requires": {
        "through": "2"
      }
    },
    "stream-combiner": {
      "version": "0.0.4",
      "resolved": "https://registry.npmjs.org/stream-combiner/-/stream-combiner-0.0.4.tgz",
      "integrity": "sha1-TV5DPBhSYd3mI8o/RMWGvPXErRQ=",
      "requires": {
        "duplexer": "~0.1.1"
      }
    },
    "through": {
      "version": "2.3.8",
      "resolved": "https://registry.npmjs.org/through/-/through-2.3.8.tgz",
      "integrity": "sha1-DdTJ/6q8NXlgsbckEV1+Doai4fU="
    },
    "ws": {
      "version": "7.1.2",
      "resolved": "https://registry.npmjs.org/ws/-/ws-7.1.2.tgz",
      "integrity": "sha512-gftXq3XI81cJCgkUiAVixA0raD9IVmXqsylCrjRygw4+UOOGzPoxnQ6r/CnVL9i+mDncJo94tSkyrtuuQVBmrg==",
      "requires": {
        "async-limiter": "^1.0.0"
      }
    },
    "xtend": {
      "version": "4.0.2",
      "resolved": "https://registry.npmjs.org/xtend/-/xtend-4.0.2.tgz",
      "integrity": "sha512-LKYU1iAXJXUgAXn9URjiu+MWhyUXHsvfp7mcuYm9dSUKK0/CjtrUwFAxD82/mCWbtLsGjFIad0wIsod4zrTAEQ=="
    }
  }
}
